
Microsoft Visual Studio Solution File, Format Version 12.00
# Visual Studio 2013
VisualStudioVersion = 12.0.40629.0
MinimumVisualStudioVersion = 10.0.40219.1
Project("{FAE04EC0-301F-11D3-BF4B-00C04F79EFBC}") = "CodeRetreat", "lib\CodeRetreat\CodeRetreat.csproj", "{67BC875F-04ED-433B-A0C6-202CEC210BBA}"
EndProject
Project("{FAE04EC0-301F-11D3-BF4B-00C04F79EFBC}") = "CodeRetreat.Tests", "spec\CodeRetreat.Tests\CodeRetreat.Tests.csproj", "{AC0478C6-4360-4168-8516-A4BFE609C583}"
EndProject
Global
	GlobalSection(SolutionConfigurationPlatforms) = preSolution
		Debug|Any CPU = Debug|Any CPU
		Release|Any CPU = Release|Any CPU
	EndGlobalSection
	GlobalSection(ProjectConfigurationPlatforms) = postSolution
		{67BC875F-04ED-433B-A0C6-202CEC210BBA}.Debug|Any CPU.ActiveCfg = Debug|Any CPU
		{67BC875F-04ED-433B-A0C6-202CEC210BBA}.Debug|Any CPU.Build.0 = Debug|Any CPU
		{67BC875F-04ED-433B-A0C6-202CEC210BBA}.Release|Any CPU.ActiveCfg = Release|Any CPU
		{67BC875F-04ED-433B-A0C6-202CEC210BBA}.Release|Any CPU.Build.0 = Release|Any CPU
		{AC0478C6-4360-4168-8516-A4BFE609C583}.Debug|Any CPU.ActiveCfg = Debug|Any CPU
		{AC0478C6-4360-4168-8516-A4BFE609C583}.Debug|Any CPU.Build.0 = Debug|Any CPU
		{AC0478C6-4360-4168-8516-A4BFE609C583}.Release|Any CPU.ActiveCfg = Release|Any CPU
		{AC0478C6-4360-4168-8516-A4BFE609C583}.Release|Any CPU.Build.0 = Release|Any CPU
	EndGlobalSection
	GlobalSection(SolutionProperties) = preSolution
		HideSolutionNode = FALSE
	EndGlobalSection
EndGlobal
