
Microsoft Visual Studio Solution File, Format Version 12.00
# Visual Studio 2012
Project("{FAE04EC0-301F-11D3-BF4B-00C04F79EFBC}") = "CodeRetreat", "CodeRetreat.csproj", "{7177DFEB-01CA-494A-A80E-1A634A5DC16D}"
EndProject
Project("{FAE04EC0-301F-11D3-BF4B-00C04F79EFBC}") = "CodeRetreatTests", "CodeRetreatTests\CodeRetreatTests.csproj", "{2891FBF0-DA64-4B22-8284-CD633B418BF9}"
EndProject
Global
	GlobalSection(SolutionConfigurationPlatforms) = preSolution
		Debug|x86 = Debug|x86
		Release|x86 = Release|x86
	EndGlobalSection
	GlobalSection(ProjectConfigurationPlatforms) = postSolution
		{2891FBF0-DA64-4B22-8284-CD633B418BF9}.Debug|x86.ActiveCfg = Debug|Any CPU
		{2891FBF0-DA64-4B22-8284-CD633B418BF9}.Debug|x86.Build.0 = Debug|Any CPU
		{2891FBF0-DA64-4B22-8284-CD633B418BF9}.Release|x86.ActiveCfg = Release|Any CPU
		{2891FBF0-DA64-4B22-8284-CD633B418BF9}.Release|x86.Build.0 = Release|Any CPU
		{7177DFEB-01CA-494A-A80E-1A634A5DC16D}.Debug|x86.ActiveCfg = Debug|x86
		{7177DFEB-01CA-494A-A80E-1A634A5DC16D}.Debug|x86.Build.0 = Debug|x86
		{7177DFEB-01CA-494A-A80E-1A634A5DC16D}.Release|x86.ActiveCfg = Release|x86
		{7177DFEB-01CA-494A-A80E-1A634A5DC16D}.Release|x86.Build.0 = Release|x86
	EndGlobalSection
	GlobalSection(MonoDevelopProperties) = preSolution
		StartupItem = CodeRetreat.csproj
	EndGlobalSection
EndGlobal
